
Microsoft Visual Studio Solution File, Format Version 12.00
# Visual Studio 15
VisualStudioVersion = 15.0.28307.779
MinimumVisualStudioVersion = 10.0.40219.1
Project("{FAE04EC0-301F-11D3-BF4B-00C04F79EFBC}") = "DAL.Framework", "DAL.Framework\DAL.Framework.csproj", "{E2EFDCD8-DD5A-4416-8B44-0F780431E98E}"
EndProject
Project("{9A19103F-16F7-4668-BE54-9A1E7A4F7556}") = "DAL.Standard", "DAL.Standard\DAL.Standard.csproj", "{5E1D0269-CFB2-4A95-902B-2A81F2593A11}"
EndProject
Project("{FAE04EC0-301F-11D3-BF4B-00C04F79EFBC}") = "DAL.Core", "DAL.Core\DAL.Core.csproj", "{29286942-3A3B-4FD2-A3F0-15C8125A59A4}"
EndProject
Global
	GlobalSection(SolutionConfigurationPlatforms) = preSolution
		Debug|Any CPU = Debug|Any CPU
		Release|Any CPU = Release|Any CPU
	EndGlobalSection
	GlobalSection(ProjectConfigurationPlatforms) = postSolution
		{E2EFDCD8-DD5A-4416-8B44-0F780431E98E}.Debug|Any CPU.ActiveCfg = Debug|Any CPU
		{E2EFDCD8-DD5A-4416-8B44-0F780431E98E}.Debug|Any CPU.Build.0 = Debug|Any CPU
		{E2EFDCD8-DD5A-4416-8B44-0F780431E98E}.Release|Any CPU.ActiveCfg = Release|Any CPU
		{E2EFDCD8-DD5A-4416-8B44-0F780431E98E}.Release|Any CPU.Build.0 = Release|Any CPU
		{5E1D0269-CFB2-4A95-902B-2A81F2593A11}.Debug|Any CPU.ActiveCfg = Debug|Any CPU
		{5E1D0269-CFB2-4A95-902B-2A81F2593A11}.Debug|Any CPU.Build.0 = Debug|Any CPU
		{5E1D0269-CFB2-4A95-902B-2A81F2593A11}.Release|Any CPU.ActiveCfg = Release|Any CPU
		{5E1D0269-CFB2-4A95-902B-2A81F2593A11}.Release|Any CPU.Build.0 = Release|Any CPU
		{29286942-3A3B-4FD2-A3F0-15C8125A59A4}.Debug|Any CPU.ActiveCfg = Debug|Any CPU
		{29286942-3A3B-4FD2-A3F0-15C8125A59A4}.Debug|Any CPU.Build.0 = Debug|Any CPU
		{29286942-3A3B-4FD2-A3F0-15C8125A59A4}.Release|Any CPU.ActiveCfg = Release|Any CPU
		{29286942-3A3B-4FD2-A3F0-15C8125A59A4}.Release|Any CPU.Build.0 = Release|Any CPU
	EndGlobalSection
	GlobalSection(SolutionProperties) = preSolution
		HideSolutionNode = FALSE
	EndGlobalSection
	GlobalSection(ExtensibilityGlobals) = postSolution
		SolutionGuid = {C614D90F-0680-4D1F-A0D0-9906B7D6DD1C}
	EndGlobalSection
EndGlobal
